[[package]]
name = "attrs"
version = "21.2.0"
description = "Classes Without Boilerplate"
category = "main"
optional = false
python-versions = ">=2.7, !=3.0.*, !=3.1.*, !=3.2.*, !=3.3.*, !=3.4.*"

[package.extras]
dev = ["coverage[toml] (>=5.0.2)", "furo", "hypothesis", "mypy", "pre-commit", "pympler", "pytest (>=4.3.0)", "pytest-mypy-plugins", "six", "sphinx", "sphinx-notfound-page", "zope.interface"]
docs = ["furo", "sphinx", "sphinx-notfound-page", "zope.interface"]
tests = ["coverage[toml] (>=5.0.2)", "hypothesis", "mypy", "pympler", "pytest (>=4.3.0)", "pytest-mypy-plugins", "six", "zope.interface"]
tests_no_zope = ["coverage[toml] (>=5.0.2)", "hypothesis", "mypy", "pympler", "pytest (>=4.3.0)", "pytest-mypy-plugins", "six"]

[[package]]
name = "biopython"
version = "1.79"
description = "Freely available tools for computational molecular biology."
category = "main"
optional = false
python-versions = ">=3.6"

[package.dependencies]
numpy = "*"

[[package]]
name = "colorama"
version = "0.4.4"
description = "Cross-platform colored terminal text."
category = "main"
optional = false
python-versions = ">=2.7, !=3.0.*, !=3.1.*, !=3.2.*, !=3.3.*, !=3.4.*"

[[package]]
name = "commonmark"
version = "0.9.1"
description = "Python parser for the CommonMark Markdown spec"
category = "main"
optional = false
python-versions = "*"

[package.extras]
test = ["flake8 (==3.7.8)", "hypothesis (==3.55.3)"]

[[package]]
name = "iniconfig"
version = "1.1.1"
description = "iniconfig: brain-dead simple config-ini parsing"
category = "main"
optional = false
python-versions = "*"

[[package]]
name = "joblib"
version = "1.2.0"
description = "Lightweight pipelining with Python functions"
category = "main"
optional = false
python-versions = ">=3.7"

[[package]]
name = "numpy"
version = "1.23.3"
description = "NumPy is the fundamental package for array computing with Python."
category = "main"
optional = false
python-versions = ">=3.8"

[[package]]
name = "packaging"
version = "20.9"
description = "Core utilities for Python packages"
category = "main"
optional = false
python-versions = ">=2.7, !=3.0.*, !=3.1.*, !=3.2.*, !=3.3.*"

[package.dependencies]
pyparsing = ">=2.0.2"

[[package]]
name = "pandas"
version = "1.4.4"
description = "Powerful data structures for data analysis, time series, and statistics"
category = "main"
optional = false
python-versions = ">=3.8"

[package.dependencies]
numpy = [
    {version = ">=1.18.5", markers = "platform_machine != \"aarch64\" and platform_machine != \"arm64\" and python_version < \"3.10\""},
    {version = ">=1.19.2", markers = "platform_machine == \"aarch64\" and python_version < \"3.10\""},
    {version = ">=1.20.0", markers = "platform_machine == \"arm64\" and python_version < \"3.10\""},
    {version = ">=1.21.0", markers = "python_version >= \"3.10\""},
]
python-dateutil = ">=2.8.1"
pytz = ">=2020.1"

[package.extras]
test = ["hypothesis (>=5.5.3)", "pytest (>=6.0)", "pytest-xdist (>=1.31)"]

[[package]]
name = "pluggy"
version = "0.13.1"
description = "plugin and hook calling mechanisms for python"
category = "main"
optional = false
python-versions = ">=2.7, !=3.0.*, !=3.1.*, !=3.2.*, !=3.3.*"

[package.extras]
dev = ["pre-commit", "tox"]

[[package]]
name = "py"
version = "1.10.0"
description = "library with cross-python path, ini-parsing, io, code, log facilities"
category = "main"
optional = false
python-versions = ">=2.7, !=3.0.*, !=3.1.*, !=3.2.*, !=3.3.*"

[[package]]
name = "pygments"
version = "2.9.0"
description = "Pygments is a syntax highlighting package written in Python."
category = "main"
optional = false
python-versions = ">=3.5"

[[package]]
name = "pyparsing"
version = "2.4.7"
description = "Python parsing module"
category = "main"
optional = false
python-versions = ">=2.6, !=3.0.*, !=3.1.*, !=3.2.*"

[[package]]
name = "pytest"
version = "7.1.3"
description = "pytest: simple powerful testing with Python"
category = "main"
optional = false
python-versions = ">=3.7"

[package.dependencies]
attrs = ">=19.2.0"
colorama = {version = "*", markers = "sys_platform == \"win32\""}
iniconfig = "*"
packaging = "*"
pluggy = ">=0.12,<2.0"
py = ">=1.8.2"
tomli = ">=1.0.0"

[package.extras]
testing = ["argcomplete", "hypothesis (>=3.56)", "mock", "nose", "pygments (>=2.7.2)", "requests", "xmlschema"]

[[package]]
name = "python-dateutil"
version = "2.8.2"
description = "Extensions to the standard Python datetime module"
category = "main"
optional = false
python-versions = "!=3.0.*,!=3.1.*,!=3.2.*,>=2.7"

[package.dependencies]
six = ">=1.5"

[[package]]
name = "pytz"
version = "2022.2.1"
description = "World timezone definitions, modern and historical"
category = "main"
optional = false
python-versions = "*"

[[package]]
name = "regex"
version = "2022.8.17"
description = "Alternative regular expression module, to replace re."
category = "main"
optional = false
python-versions = ">=3.6"

[[package]]
name = "rich"
version = "12.5.1"
description = "Render rich text, tables, progress bars, syntax highlighting, markdown and more to the terminal"
category = "main"
optional = false
python-versions = ">=3.6.3,<4.0.0"

[package.dependencies]
commonmark = ">=0.9.0,<0.10.0"
pygments = ">=2.6.0,<3.0.0"
typing-extensions = {version = ">=4.0.0,<5.0", markers = "python_version < \"3.9\""}

[package.extras]
jupyter = ["ipywidgets (>=7.5.1,<8.0.0)"]

[[package]]
name = "six"
version = "1.16.0"
description = "Python 2 and 3 compatibility utilities"
category = "main"
optional = false
python-versions = ">=2.7, !=3.0.*, !=3.1.*, !=3.2.*"

[[package]]
name = "tomli"
version = "2.0.0"
description = "A lil' TOML parser"
category = "main"
optional = false
python-versions = ">=3.7"

[[package]]
name = "tqdm"
version = "4.64.1"
description = "Fast, Extensible Progress Meter"
category = "main"
optional = false
python-versions = "!=3.0.*,!=3.1.*,!=3.2.*,!=3.3.*,>=2.7"

[package.dependencies]
colorama = {version = "*", markers = "platform_system == \"Windows\""}

[package.extras]
dev = ["py-make (>=0.1.0)", "twine", "wheel"]
notebook = ["ipywidgets (>=6)"]
slack = ["slack-sdk"]
telegram = ["requests"]

[[package]]
name = "typing-extensions"
version = "4.1.1"
description = "Backported and Experimental Type Hints for Python 3.6+"
category = "main"
optional = false
python-versions = ">=3.6"

[metadata]
lock-version = "1.1"
python-versions = "^3.8"
content-hash = "d6c4560a9bba0243f6c72a1bb2e74c100825746dfcd823dc977ee26921d4d797"

[metadata.files]
attrs = [
    {file = "attrs-21.2.0-py2.py3-none-any.whl", hash = "sha256:149e90d6d8ac20db7a955ad60cf0e6881a3f20d37096140088356da6c716b0b1"},
    {file = "attrs-21.2.0.tar.gz", hash = "sha256:ef6aaac3ca6cd92904cdd0d83f629a15f18053ec84e6432106f7a4d04ae4f5fb"},
]
biopython = [
    {file = "biopython-1.79-cp310-cp310-win_amd64.whl", hash = "sha256:9eadfd4300f534cd4fa39613eeee786d2c3d6b981d373c5c46616fa1a97cad10"},
    {file = "biopython-1.79-cp36-cp36m-macosx_10_9_x86_64.whl", hash = "sha256:72a1477cf1701964c7224e506a54fd65d1cc5228da200b634a17992230aa1cbd"},
    {file = "biopython-1.79-cp36-cp36m-manylinux_2_17_aarch64.manylinux2014_aarch64.whl", hash = "sha256:365569543ea58dd07ef205ec351c23b6c1a3200d5d321eb28ceaecd55eb5955e"},
    {file = "biopython-1.79-cp36-cp36m-manylinux_2_5_i686.manylinux1_i686.whl", hash = "sha256:4be31815226052d86d4c2f6a103c40504e34bba3e25cc1b1d687a3203c42fb6e"},
    {file = "biopython-1.79-cp36-cp36m-manylinux_2_5_x86_64.manylinux1_x86_64.whl", hash = "sha256:ceab668be9cbdcddef55ad459f87acd0316ae4a00d32251fea4cf665f5062fda"},
    {file = "biopython-1.79-cp36-cp36m-win32.whl", hash = "sha256:83bfea8a19f9352c47b13965c4b73853e7aeef3c5aed8489895b0679e32c621b"},
    {file = "biopython-1.79-cp36-cp36m-win_amd64.whl", hash = "sha256:98deacc30b8654cfcdcf707d93fa4e3c8717bbda07c3f9f828cf84753d4a1e4d"},
    {file = "biopython-1.79-cp37-cp37m-macosx_10_9_x86_64.whl", hash = "sha256:884a2b99ac7820cb84f70089769a512e3238ee60438b8c934ed519613dc570ce"},
    {file = "biopython-1.79-cp37-cp37m-manylinux_2_17_aarch64.manylinux2014_aarch64.whl", hash = "sha256:51eb467a60c38820ad1e6c3a7d4cb10535606f559646e824cc65c96091d91ff7"},
    {file = "biopython-1.79-cp37-cp37m-manylinux_2_5_i686.manylinux1_i686.whl", hash = "sha256:03ee5c72b3cc3f0675a8c22ce1c45fe99a32a60db18df059df479ae6cf619708"},
    {file = "biopython-1.79-cp37-cp37m-manylinux_2_5_x86_64.manylinux1_x86_64.whl", hash = "sha256:9580978803b582e0612b71673cab289e6bf261a865009cfb9501d65bc726a76e"},
    {file = "biopython-1.79-cp37-cp37m-win32.whl", hash = "sha256:5ae69c5e09769390643aa0f8064517665df6fb99c37433821d6664584d0ecb8c"},
    {file = "biopython-1.79-cp37-cp37m-win_amd64.whl", hash = "sha256:f0a7e1d94a318f74974345fd0987ec389b16988ec484e67218e900b116b932a8"},
    {file = "biopython-1.79-cp38-cp38-macosx_10_9_x86_64.whl", hash = "sha256:aa23a83a220486af6193760d079b36543fe00afcfbd18280ca2fd0b2c1c8dd6d"},
    {file = "biopython-1.79-cp38-cp38-manylinux_2_17_aarch64.manylinux2014_aarch64.whl", hash = "sha256:4b3d4eec2e348c3d97a7fde80ee0f2b8ebeed849d2bd64a616833a9be03b93c8"},
    {file = "biopython-1.79-cp38-cp38-manylinux_2_5_i686.manylinux1_i686.whl", hash = "sha256:947b793e804c59ea45ae46945a57612ad1789ca87af4af0d6a62dcecf3a6246a"},
    {file = "biopython-1.79-cp38-cp38-manylinux_2_5_x86_64.manylinux1_x86_64.whl", hash = "sha256:d9f6ce961e0c380e2a5435f64c96421dbcebeab6a1b41506bd81251feb733c08"},
    {file = "biopython-1.79-cp38-cp38-win32.whl", hash = "sha256:155c5b95857bca7ebd607210cb9d8ea459bb0b86b3ca37ea44ec47c26ede7e9a"},
    {file = "biopython-1.79-cp38-cp38-win_amd64.whl", hash = "sha256:2dbb4388c75b5dfca8ce729e791f465c9c878dbd7ba2ab9a1f9854609d2b5426"},
    {file = "biopython-1.79-cp39-cp39-macosx_10_9_x86_64.whl", hash = "sha256:76988ed3d7383d566db1d7fc69c9cf136c6275813fb749fc6753c340f81f1a8f"},
    {file = "biopython-1.79-cp39-cp39-manylinux_2_17_aarch64.manylinux2014_aarch64.whl", hash = "sha256:e921571b51514a6d35944242d6fef6427c3998acf58940fe1f209ac8a92a6e87"},
    {file = "biopython-1.79-cp39-cp39-manylinux_2_5_i686.manylinux1_i686.whl", hash = "sha256:bf634a56f449a4123e48e538d661948e5ac29fb452acd2962b8cb834b472a9d7"},
    {file = "biopython-1.79-cp39-cp39-manylinux_2_5_x86_64.manylinux1_x86_64.whl", hash = "sha256:ab93d5749b375be3682866b3a606aa2ebd3e6d868079793925bf4fbb0987cf1f"},
    {file = "biopython-1.79-cp39-cp39-win32.whl", hash = "sha256:8f33dafd3c7254fff5e1684b965e45a7c08d9b8e1bf51562b0a521ff9a6f5ea0"},
    {file = "biopython-1.79-cp39-cp39-win_amd64.whl", hash = "sha256:b3ab26f26a1956ef26303386510d84e917e31fcbbc94918c336da0163ef628df"},
    {file = "biopython-1.79.tar.gz", hash = "sha256:edb07eac99d3b8abd7ba56ff4bedec9263f76dfc3c3f450e7d2e2bcdecf8559b"},
]
colorama = [
    {file = "colorama-0.4.4-py2.py3-none-any.whl", hash = "sha256:9f47eda37229f68eee03b24b9748937c7dc3868f906e8ba69fbcbdd3bc5dc3e2"},
    {file = "colorama-0.4.4.tar.gz", hash = "sha256:5941b2b48a20143d2267e95b1c2a7603ce057ee39fd88e7329b0c292aa16869b"},
]
commonmark = [
    {file = "commonmark-0.9.1-py2.py3-none-any.whl", hash = "sha256:da2f38c92590f83de410ba1a3cbceafbc74fee9def35f9251ba9a971d6d66fd9"},
    {file = "commonmark-0.9.1.tar.gz", hash = "sha256:452f9dc859be7f06631ddcb328b6919c67984aca654e5fefb3914d54691aed60"},
]
iniconfig = [
    {file = "iniconfig-1.1.1-py2.py3-none-any.whl", hash = "sha256:011e24c64b7f47f6ebd835bb12a743f2fbe9a26d4cecaa7f53bc4f35ee9da8b3"},
    {file = "iniconfig-1.1.1.tar.gz", hash = "sha256:bc3af051d7d14b2ee5ef9969666def0cd1a000e121eaea580d4a313df4b37f32"},
]
joblib = [
    {file = "joblib-1.2.0-py3-none-any.whl", hash = "sha256:091138ed78f800342968c523bdde947e7a305b8594b910a0fea2ab83c3c6d385"},
    {file = "joblib-1.2.0.tar.gz", hash = "sha256:e1cee4a79e4af22881164f218d4311f60074197fb707e082e803b61f6d137018"},
]
numpy = [
    {file = "numpy-1.23.3-cp310-cp310-macosx_10_9_x86_64.whl", hash = "sha256:c9f707b5bb73bf277d812ded9896f9512a43edff72712f31667d0a8c2f8e71ee"},
    {file = "numpy-1.23.3-cp310-cp310-macosx_11_0_arm64.whl", hash = "sha256:ffcf105ecdd9396e05a8e58e81faaaf34d3f9875f137c7372450baa5d77c9a54"},
    {file = "numpy-1.23.3-cp310-cp310-manylinux_2_17_aarch64.manylinux2014_aarch64.whl", hash = "sha256:0ea3f98a0ffce3f8f57675eb9119f3f4edb81888b6874bc1953f91e0b1d4f440"},
    {file = "numpy-1.23.3-cp310-cp310-manylinux_2_17_x86_64.manylinux2014_x86_64.whl", hash = "sha256:004f0efcb2fe1c0bd6ae1fcfc69cc8b6bf2407e0f18be308612007a0762b4089"},
    {file = "numpy-1.23.3-cp310-cp310-win32.whl", hash = "sha256:98dcbc02e39b1658dc4b4508442a560fe3ca5ca0d989f0df062534e5ca3a5c1a"},
    {file = "numpy-1.23.3-cp310-cp310-win_amd64.whl", hash = "sha256:39a664e3d26ea854211867d20ebcc8023257c1800ae89773cbba9f9e97bae036"},
    {file = "numpy-1.23.3-cp311-cp311-macosx_10_9_x86_64.whl", hash = "sha256:1f27b5322ac4067e67c8f9378b41c746d8feac8bdd0e0ffede5324667b8a075c"},
    {file = "numpy-1.23.3-cp311-cp311-macosx_11_0_arm64.whl", hash = "sha256:2ad3ec9a748a8943e6eb4358201f7e1c12ede35f510b1a2221b70af4bb64295c"},
    {file = "numpy-1.23.3-cp311-cp311-manylinux_2_17_aarch64.manylinux2014_aarch64.whl", hash = "sha256:bdc9febce3e68b697d931941b263c59e0c74e8f18861f4064c1f712562903411"},
    {file = "numpy-1.23.3-cp311-cp311-manylinux_2_17_x86_64.manylinux2014_x86_64.whl", hash = "sha256:301c00cf5e60e08e04d842fc47df641d4a181e651c7135c50dc2762ffe293dbd"},
    {file = "numpy-1.23.3-cp311-cp311-win32.whl", hash = "sha256:7cd1328e5bdf0dee621912f5833648e2daca72e3839ec1d6695e91089625f0b4"},
    {file = "numpy-1.23.3-cp311-cp311-win_amd64.whl", hash = "sha256:8355fc10fd33a5a70981a5b8a0de51d10af3688d7a9e4a34fcc8fa0d7467bb7f"},
    {file = "numpy-1.23.3-cp38-cp38-macosx_10_9_x86_64.whl", hash = "sha256:bc6e8da415f359b578b00bcfb1d08411c96e9a97f9e6c7adada554a0812a6cc6"},
    {file = "numpy-1.23.3-cp38-cp38-macosx_11_0_arm64.whl", hash = "sha256:22d43376ee0acd547f3149b9ec12eec2f0ca4a6ab2f61753c5b29bb3e795ac4d"},
    {file = "numpy-1.23.3-cp38-cp38-manylinux_2_17_aarch64.manylinux2014_aarch64.whl", hash = "sha256:a64403f634e5ffdcd85e0b12c08f04b3080d3e840aef118721021f9b48fc1460"},
    {file = "numpy-1.23.3-cp38-cp38-manylinux_2_17_x86_64.manylinux2014_x86_64.whl", hash = "sha256:efd9d3abe5774404becdb0748178b48a218f1d8c44e0375475732211ea47c67e"},
    {file = "numpy-1.23.3-cp38-cp38-win32.whl", hash = "sha256:f8c02ec3c4c4fcb718fdf89a6c6f709b14949408e8cf2a2be5bfa9c49548fd85"},
    {file = "numpy-1.23.3-cp38-cp38-win_amd64.whl", hash = "sha256:e868b0389c5ccfc092031a861d4e158ea164d8b7fdbb10e3b5689b4fc6498df6"},
    {file = "numpy-1.23.3-cp39-cp39-macosx_10_9_x86_64.whl", hash = "sha256:09f6b7bdffe57fc61d869a22f506049825d707b288039d30f26a0d0d8ea05164"},
    {file = "numpy-1.23.3-cp39-cp39-macosx_11_0_arm64.whl", hash = "sha256:8c79d7cf86d049d0c5089231a5bcd31edb03555bd93d81a16870aa98c6cfb79d"},
    {file = "numpy-1.23.3-cp39-cp39-manylinux_2_17_aarch64.manylinux2014_aarch64.whl", hash = "sha256:e5d5420053bbb3dd64c30e58f9363d7a9c27444c3648e61460c1237f9ec3fa14"},
    {file = "numpy-1.23.3-cp39-cp39-manylinux_2_17_x86_64.manylinux2014_x86_64.whl", hash = "sha256:d5422d6a1ea9b15577a9432e26608c73a78faf0b9039437b075cf322c92e98e7"},
    {file = "numpy-1.23.3-cp39-cp39-win32.whl", hash = "sha256:c1ba66c48b19cc9c2975c0d354f24058888cdc674bebadceb3cdc9ec403fb5d1"},
    {file = "numpy-1.23.3-cp39-cp39-win_amd64.whl", hash = "sha256:78a63d2df1d947bd9d1b11d35564c2f9e4b57898aae4626638056ec1a231c40c"},
    {file = "numpy-1.23.3-pp38-pypy38_pp73-macosx_10_9_x86_64.whl", hash = "sha256:17c0e467ade9bda685d5ac7f5fa729d8d3e76b23195471adae2d6a6941bd2c18"},
    {file = "numpy-1.23.3-pp38-pypy38_pp73-manylinux_2_17_x86_64.manylinux2014_x86_64.whl", hash = "sha256:91b8d6768a75247026e951dce3b2aac79dc7e78622fc148329135ba189813584"},
    {file = "numpy-1.23.3-pp38-pypy38_pp73-win_amd64.whl", hash = "sha256:94c15ca4e52671a59219146ff584488907b1f9b3fc232622b47e2cf832e94fb8"},
    {file = "numpy-1.23.3.tar.gz", hash = "sha256:51bf49c0cd1d52be0a240aa66f3458afc4b95d8993d2d04f0d91fa60c10af6cd"},
]
packaging = [
    {file = "packaging-20.9-py2.py3-none-any.whl", hash = "sha256:67714da7f7bc052e064859c05c595155bd1ee9f69f76557e21f051443c20947a"},
    {file = "packaging-20.9.tar.gz", hash = "sha256:5b327ac1320dc863dca72f4514ecc086f31186744b84a230374cc1fd776feae5"},
]
pandas = [
    {file = "pandas-1.4.4-cp310-cp310-macosx_10_9_universal2.whl", hash = "sha256:799e6a25932df7e6b1f8dabf63de064e2205dc309abb75956126a0453fd88e97"},
    {file = "pandas-1.4.4-cp310-cp310-macosx_10_9_x86_64.whl", hash = "sha256:7cd1d69a387f7d5e1a5a06a87574d9ef2433847c0e78113ab51c84d3a8bcaeaa"},
    {file = "pandas-1.4.4-cp310-cp310-macosx_11_0_arm64.whl", hash = "sha256:94f2ed1fd51e545ebf71da1e942fe1822ee01e10d3dd2a7276d01351333b7c6b"},
    {file = "pandas-1.4.4-cp310-cp310-manylinux_2_17_aarch64.manylinux2014_aarch64.whl", hash = "sha256:4591cadd06fbbbd16fafc2de6e840c1aaefeae3d5864b688004777ef1bbdede3"},
    {file = "pandas-1.4.4-cp310-cp310-manylinux_2_17_x86_64.manylinux2014_x86_64.whl", hash = "sha256:d0022fe6a313df1c4869b5edc012d734c6519a6fffa3cf70930f32e6a1078e49"},
    {file = "pandas-1.4.4-cp310-cp310-win_amd64.whl", hash = "sha256:785e878a6e6d8ddcdb8c181e600855402750052497d7fc6d6b508894f6b8830b"},
    {file = "pandas-1.4.4-cp38-cp38-macosx_10_9_universal2.whl", hash = "sha256:c4bb8b0ab9f94207d07e401d24baebfc63057246b1a5e0cd9ee50df85a656871"},
    {file = "pandas-1.4.4-cp38-cp38-macosx_10_9_x86_64.whl", hash = "sha256:51c424ca134fdaeac9a4acd719d1ab48046afc60943a489028f0413fdbe9ef1c"},
    {file = "pandas-1.4.4-cp38-cp38-macosx_11_0_arm64.whl", hash = "sha256:ce35f947202b0b99c660221d82beb91d2e6d553d55a40b30128204e3e2c63848"},
    {file = "pandas-1.4.4-cp38-cp38-manylinux_2_17_aarch64.manylinux2014_aarch64.whl", hash = "sha256:ee6f1848148ed3204235967613b0a32be2d77f214e9623f554511047705c1e04"},
    {file = "pandas-1.4.4-cp38-cp38-manylinux_2_17_x86_64.manylinux2014_x86_64.whl", hash = "sha256:e7cc960959be28d064faefc0cb2aef854d46b827c004ebea7e79b5497ed83e7d"},
    {file = "pandas-1.4.4-cp38-cp38-win32.whl", hash = "sha256:9d805bce209714b1c1fa29bfb1e42ad87e4c0a825e4b390c56a3e71593b7e8d8"},
    {file = "pandas-1.4.4-cp38-cp38-win_amd64.whl", hash = "sha256:afbddad78a98ec4d2ce08b384b81730de1ccc975b99eb663e6dac43703f36d98"},
    {file = "pandas-1.4.4-cp39-cp39-macosx_10_9_universal2.whl", hash = "sha256:a08ceb59db499864c58a9bf85ab6219d527d91f14c0240cc25fa2c261032b2a7"},
    {file = "pandas-1.4.4-cp39-cp39-macosx_10_9_x86_64.whl", hash = "sha256:0959c41004e3d2d16f39c828d6da66ebee329836a7ecee49fb777ac9ad8a7501"},
    {file = "pandas-1.4.4-cp39-cp39-macosx_11_0_arm64.whl", hash = "sha256:87b4194f344dcd14c0f885cecb22005329b38bda10f1aaf7b9596a00ec8a4768"},
    {file = "pandas-1.4.4-cp39-cp39-manylinux_2_17_aarch64.manylinux2014_aarch64.whl", hash = "sha256:9d2a7a3c1fea668d56bd91edbd5f2732e0af8feb9d2bf8d9bfacb2dea5fa9536"},
    {file = "pandas-1.4.4-cp39-cp39-manylinux_2_17_x86_64.manylinux2014_x86_64.whl", hash = "sha256:a981cfabf51c318a562deb4ae7deec594c07aee7cf18b4594a92c23718ec8275"},
    {file = "pandas-1.4.4-cp39-cp39-win32.whl", hash = "sha256:050aada67a5ec6699a7879e769825b510018a95fb9ac462bb1867483d0974a97"},
    {file = "pandas-1.4.4-cp39-cp39-win_amd64.whl", hash = "sha256:8d4d2fe2863ecddb0ba1979bdda26c8bc2ea138f5a979abe3ba80c0fa4015c91"},
    {file = "pandas-1.4.4.tar.gz", hash = "sha256:ab6c0d738617b675183e5f28db32b5148b694ad9bba0a40c3ea26d96b431db67"},
]
pluggy = [
    {file = "pluggy-0.13.1-py2.py3-none-any.whl", hash = "sha256:966c145cd83c96502c3c3868f50408687b38434af77734af1e9ca461a4081d2d"},
    {file = "pluggy-0.13.1.tar.gz", hash = "sha256:15b2acde666561e1298d71b523007ed7364de07029219b604cf808bfa1c765b0"},
]
py = [
    {file = "py-1.10.0-py2.py3-none-any.whl", hash = "sha256:3b80836aa6d1feeaa108e046da6423ab8f6ceda6468545ae8d02d9d58d18818a"},
    {file = "py-1.10.0.tar.gz", hash = "sha256:21b81bda15b66ef5e1a777a21c4dcd9c20ad3efd0b3f817e7a809035269e1bd3"},
]
pygments = [
    {file = "Pygments-2.9.0-py3-none-any.whl", hash = "sha256:d66e804411278594d764fc69ec36ec13d9ae9147193a1740cd34d272ca383b8e"},
    {file = "Pygments-2.9.0.tar.gz", hash = "sha256:a18f47b506a429f6f4b9df81bb02beab9ca21d0a5fee38ed15aef65f0545519f"},
]
pyparsing = [
    {file = "pyparsing-2.4.7-py2.py3-none-any.whl", hash = "sha256:ef9d7589ef3c200abe66653d3f1ab1033c3c419ae9b9bdb1240a85b024efc88b"},
    {file = "pyparsing-2.4.7.tar.gz", hash = "sha256:c203ec8783bf771a155b207279b9bccb8dea02d8f0c9e5f8ead507bc3246ecc1"},
]
pytest = [
    {file = "pytest-7.1.3-py3-none-any.whl", hash = "sha256:1377bda3466d70b55e3f5cecfa55bb7cfcf219c7964629b967c37cf0bda818b7"},
    {file = "pytest-7.1.3.tar.gz", hash = "sha256:4f365fec2dff9c1162f834d9f18af1ba13062db0c708bf7b946f8a5c76180c39"},
]
python-dateutil = [
    {file = "python-dateutil-2.8.2.tar.gz", hash = "sha256:0123cacc1627ae19ddf3c27a5de5bd67ee4586fbdd6440d9748f8abb483d3e86"},
    {file = "python_dateutil-2.8.2-py2.py3-none-any.whl", hash = "sha256:961d03dc3453ebbc59dbdea9e4e11c5651520a876d0f4db161e8674aae935da9"},
]
pytz = [
    {file = "pytz-2022.2.1-py2.py3-none-any.whl", hash = "sha256:220f481bdafa09c3955dfbdddb7b57780e9a94f5127e35456a48589b9e0c0197"},
    {file = "pytz-2022.2.1.tar.gz", hash = "sha256:cea221417204f2d1a2aa03ddae3e867921971d0d76f14d87abb4414415bbdcf5"},
]
regex = [
    {file = "regex-2022.8.17-cp310-cp310-macosx_10_9_x86_64.whl", hash = "sha256:840063aa8eeb1dda07d7d7dee15648838bffef1d415f5f79061854a182a429aa"},
    {file = "regex-2022.8.17-cp310-cp310-macosx_11_0_arm64.whl", hash = "sha256:1df31eaf147ecff3665ba861acb8f78221cd5501df072c9151dfa341dd24599f"},
    {file = "regex-2022.8.17-cp310-cp310-manylinux_2_17_aarch64.manylinux2014_aarch64.whl", hash = "sha256:085ca3dc9360c0210e0a70e5d34d66454a06077644e7679fef6358b1f053e62e"},
    {file = "regex-2022.8.17-cp310-cp310-manylinux_2_17_ppc64le.manylinux2014_ppc64le.whl", hash = "sha256:21b6f939916aa61beea56393ebc8a9999060632ac22b8193c2cb67d6fd7cb2c3"},
    {file = "regex-2022.8.17-cp310-cp310-manylinux_2_17_s390x.manylinux2014_s390x.whl", hash = "sha256:0a9d5a64e974bc5f160f30f76aaf993d49eeddb405676be6bf76a5a2c131e185"},
    {file = "regex-2022.8.17-cp310-cp310-manylinux_2_17_x86_64.manylinux2014_x86_64.whl", hash = "sha256:d13bd83284b46c304eb10de93f8a3f2c80361f91f4e8a4e1273caf83e16c4409"},
    {file = "regex-2022.8.17-cp310-cp310-manylinux_2_5_i686.manylinux1_i686.manylinux_2_17_i686.manylinux2014_i686.whl", hash = "sha256:7a52d547259495a53e61e37ffc6d5cecf8d298aeb1bc0d9b25289d65ddb31183"},
    {file = "regex-2022.8.17-cp310-cp310-manylinux_2_5_x86_64.manylinux1_x86_64.manylinux_2_12_x86_64.manylinux2010_x86_64.whl", hash = "sha256:be6f5b453f7ed2219a9555bb6840663950b9ab1dc034216f68eac64db66633c2"},
    {file = "regex-2022.8.17-cp310-cp310-musllinux_1_1_aarch64.whl", hash = "sha256:a1e283ad918df44bad3ccf042c2fe283c63d17617570eb91b8c370ef677b0b83"},
    {file = "regex-2022.8.17-cp310-cp310-musllinux_1_1_i686.whl", hash = "sha256:5d541bc430a74c787684d1ebcd205a5212a88c3de73848143e77489b2c25b911"},
    {file = "regex-2022.8.17-cp310-cp310-musllinux_1_1_ppc64le.whl", hash = "sha256:c78c72f7878071a78337510ec78ab856d60b4bdcd3a95fd68b939e7cb30434b3"},
    {file = "regex-2022.8.17-cp310-cp310-musllinux_1_1_s390x.whl", hash = "sha256:6b30c8d299ba48ee919064628fd8bc296bdc6e4827d315491bea39437130d3e1"},
    {file = "regex-2022.8.17-cp310-cp310-musllinux_1_1_x86_64.whl", hash = "sha256:02b6dc102123f5178796dcdb5a90f6e88895607fd1a1d115d8de1af8161ca2b4"},
    {file = "regex-2022.8.17-cp310-cp310-win32.whl", hash = "sha256:5f14430535645712f546f1e07013507d1cc0c8abd851811dacce8c7fb584bf52"},
    {file = "regex-2022.8.17-cp310-cp310-win_amd64.whl", hash = "sha256:c4f6609f6e867a58cdf173e1cbe1f3736d25962108bd5cb01ad5a130875ff2c8"},
    {file = "regex-2022.8.17-cp36-cp36m-macosx_10_9_x86_64.whl", hash = "sha256:4dad9d68574e93e1e23be53b4ecfb0f083bd5cc08cc7f1984a4ee3ebf12aa446"},
    {file = "regex-2022.8.17-cp36-cp36m-manylinux_2_17_aarch64.manylinux2014_aarch64.whl", hash = "sha256:62d56a9d3c1e5a83076db4da060dad7ea35ac2f3cbd3c53ba5a51fe0caedb500"},
    {file = "regex-2022.8.17-cp36-cp36m-manylinux_2_17_ppc64le.manylinux2014_ppc64le.whl", hash = "sha256:61f6966371fa1cbf26c6209771a02bef80336cdaca0c0af4dfa33d51019c0b93"},
    {file = "regex-2022.8.17-cp36-cp36m-manylinux_2_17_s390x.manylinux2014_s390x.whl", hash = "sha256:c76dd2c0615a28de21c97f9f6862e84faef58ff4d700196b4e395ef6a52291e4"},
    {file = "regex-2022.8.17-cp36-cp36m-manylinux_2_17_x86_64.manylinux2014_x86_64.whl", hash = "sha256:370b1d7aed26e29915c3fb3e72e327f194824a76cedb60c0b9f6c6af53e89d72"},
    {file = "regex-2022.8.17-cp36-cp36m-manylinux_2_5_i686.manylinux1_i686.manylinux_2_17_i686.manylinux2014_i686.whl", hash = "sha256:634f090a388351eadf1dcc1d168a190718fb68efb4b8fdc1b119cf837ca01905"},
    {file = "regex-2022.8.17-cp36-cp36m-manylinux_2_5_x86_64.manylinux1_x86_64.manylinux_2_12_x86_64.manylinux2010_x86_64.whl", hash = "sha256:79f34d5833cd0d53ecf48bc030e4da3216bd4846224d17eeb64509be5cb098fd"},
    {file = "regex-2022.8.17-cp36-cp36m-musllinux_1_1_aarch64.whl", hash = "sha256:b7ddecc80e87acf12c2cf12bf3721def47188c403f04e706f104b5e71fed2f31"},
    {file = "regex-2022.8.17-cp36-cp36m-musllinux_1_1_i686.whl", hash = "sha256:6f62c8a59f6b8e608880c61b138ae22668184bc266b025d33200dcf2cebe0872"},
    {file = "regex-2022.8.17-cp36-cp36m-musllinux_1_1_ppc64le.whl", hash = "sha256:95fb62a3980cf43e76c2fe95edab06ec70dc495b8aa660975eb9f0b2ffdae1e1"},
    {file = "regex-2022.8.17-cp36-cp36m-musllinux_1_1_s390x.whl", hash = "sha256:0de0ce11c0835e1117eacbfe8fa6fa98dc0e8e746b486735cb0fdebe46a02222"},
    {file = "regex-2022.8.17-cp36-cp36m-musllinux_1_1_x86_64.whl", hash = "sha256:abe1adb32e2535aaa171e8b2b2d3f083f863c9974a3e6e7dae6bf4827fc8b983"},
    {file = "regex-2022.8.17-cp36-cp36m-win32.whl", hash = "sha256:6059ae91667932d256d9dc03abd3512ebcade322b3a42d1b8354bd1db7f66dcc"},
    {file = "regex-2022.8.17-cp36-cp36m-win_amd64.whl", hash = "sha256:6af38997f178889d417851bae8fb5c00448f7405cfcab38734d771f1dd5d5973"},
    {file = "regex-2022.8.17-cp37-cp37m-macosx_10_9_x86_64.whl", hash = "sha256:cfa62063c5eafb04e4435459ce15746b4ae6c14efeae8f16bd0e3d2895dad698"},
    {file = "regex-2022.8.17-cp37-cp37m-manylinux_2_17_aarch64.manylinux2014_aarch64.whl", hash = "sha256:64ecfcc386420192fbe98fdde777d993f7f2dfec9552e4f4024d3447d3a3e637"},
    {file = "regex-2022.8.17-cp37-cp37m-manylinux_2_17_ppc64le.manylinux2014_ppc64le.whl", hash = "sha256:5910bb355f9517309f77101238dbacb7151ede3434a2f1fad26ecc62f13d8324"},
    {file = "regex-2022.8.17-cp37-cp37m-manylinux_2_17_s390x.manylinux2014_s390x.whl", hash = "sha256:ae85112da2d826b65aa7c7369c56ca41d9a89644312172979cbee5cf788e0b09"},
    {file = "regex-2022.8.17-cp37-cp37m-manylinux_2_17_x86_64.manylinux2014_x86_64.whl", hash = "sha256:6f0c8807bac16984901c0573725bad786f2f004f9bd5df8476c6431097b6c5b3"},
    {file = "regex-2022.8.17-cp37-cp37m-manylinux_2_5_i686.manylinux1_i686.manylinux_2_17_i686.manylinux2014_i686.whl", hash = "sha256:53c9eca0d6070a8a3de42182ad26daf90ba12132eb74a2f45702332762aff84e"},
    {file = "regex-2022.8.17-cp37-cp37m-manylinux_2_5_x86_64.manylinux1_x86_64.manylinux_2_12_x86_64.manylinux2010_x86_64.whl", hash = "sha256:e37886929ee83a5fa5c73164abada00e7f3cc1cbf3f8f6e1e8cfecae9d6cfc47"},
    {file = "regex-2022.8.17-cp37-cp37m-musllinux_1_1_aarch64.whl", hash = "sha256:b3379a83dc63fe06538c751961f9ed730b5d7f08f96a57bbad8d52db5820df1f"},
    {file = "regex-2022.8.17-cp37-cp37m-musllinux_1_1_i686.whl", hash = "sha256:3d3d769b3d485b28d6a591b46723dbacc696e6503f48a3ef52e6fc2c90edb482"},
    {file = "regex-2022.8.17-cp37-cp37m-musllinux_1_1_ppc64le.whl", hash = "sha256:fafed60103132e74cdfbd651abe94801eb87a9765ce275b3dca9af8f3e06622a"},
    {file = "regex-2022.8.17-cp37-cp37m-musllinux_1_1_s390x.whl", hash = "sha256:14750172c0a616140a8f496dfef28ed24080e87d06d5838e008f959ad307a8c5"},
    {file = "regex-2022.8.17-cp37-cp37m-musllinux_1_1_x86_64.whl", hash = "sha256:3aafbbf5076f2a48bcf31ceb42b410323daaa0ddb42544640592957bc906ace6"},
    {file = "regex-2022.8.17-cp37-cp37m-win32.whl", hash = "sha256:74d4aabd612d32282f3cb3ebb4436046fb840d25c754157a755bc9f66e7cd307"},
    {file = "regex-2022.8.17-cp37-cp37m-win_amd64.whl", hash = "sha256:4bd9443f7ff6e6288dd4496215c5d903f851e55cbc09d5963587af0c6d565a0a"},
    {file = "regex-2022.8.17-cp38-cp38-macosx_10_9_x86_64.whl", hash = "sha256:b3c7c6c4aac19b964c1d12784aecae7f0315314640b0f41dd6f0d4e2bf439072"},
    {file = "regex-2022.8.17-cp38-cp38-macosx_11_0_arm64.whl", hash = "sha256:bbaf6785d3f1cd3e617b9d0fb3c5528023ef7bc7cc1356234801dc1941df8ce9"},
    {file = "regex-2022.8.17-cp38-cp38-manylinux_2_17_aarch64.manylinux2014_aarch64.whl", hash = "sha256:3d83fd6dd4263595d0e4f595d4abd54397cbed52c0147f7dd148a7b72910301e"},
    {file = "regex-2022.8.17-cp38-cp38-manylinux_2_17_ppc64le.manylinux2014_ppc64le.whl", hash = "sha256:1b6d2c579ffdcbb3d93f63b6a7f697364594e1c1b6856958b3e61e3ca22c140a"},
    {file = "regex-2022.8.17-cp38-cp38-manylinux_2_17_s390x.manylinux2014_s390x.whl", hash = "sha256:8e8ec94d1b1a0a297c2c69a0bf000baf9a79607ca0c084f577f811a9b447c319"},
    {file = "regex-2022.8.17-cp38-cp38-manylinux_2_17_x86_64.manylinux2014_x86_64.whl", hash = "sha256:4bdfd016ab12c4075ef93f025b3cf4c8962b9b7a5e52bb7039ab64cb7755930c"},
    {file = "regex-2022.8.17-cp38-cp38-manylinux_2_5_i686.manylinux1_i686.manylinux_2_17_i686.manylinux2014_i686.whl", hash = "sha256:cb0c9a1476d279524538ba9a00ecec9eadcef31a6a60b2c8bd2f29f62044a559"},
    {file = "regex-2022.8.17-cp38-cp38-manylinux_2_5_x86_64.manylinux1_x86_64.manylinux_2_12_x86_64.manylinux2010_x86_64.whl", hash = "sha256:25bffa248b99b53a61b1f20fc7d19f711e38e9f0bc90d44c26670f8dc282ad7d"},
    {file = "regex-2022.8.17-cp38-cp38-musllinux_1_1_aarch64.whl", hash = "sha256:0843cc977b9cc00eb2299b624db6481d25e7f5b093f7a7c2bb727028d4a26eda"},
    {file = "regex-2022.8.17-cp38-cp38-musllinux_1_1_i686.whl", hash = "sha256:4e12a3c2d4781ee5d03f229c940934fa1e4ea4f4995e68ab97a2815b139e0804"},
    {file = "regex-2022.8.17-cp38-cp38-musllinux_1_1_ppc64le.whl", hash = "sha256:dc32029b9cc784a529f9201289d4f841cc24a2ae3126a112cd467bc41bbc2f10"},
    {file = "regex-2022.8.17-cp38-cp38-musllinux_1_1_s390x.whl", hash = "sha256:4c6554073e3e554fbb3dff88376ada3da32ca789ea1b9e381f684d49ddb61199"},
    {file = "regex-2022.8.17-cp38-cp38-musllinux_1_1_x86_64.whl", hash = "sha256:2ada67e02fa3fcca9e3b90cf24c2c6bc77f0abc126209937956aea10eeba40c7"},
    {file = "regex-2022.8.17-cp38-cp38-win32.whl", hash = "sha256:1418d3506a9582b23a27373f125ea2b0da523c581e7cf678a6f036254d134faa"},
    {file = "regex-2022.8.17-cp38-cp38-win_amd64.whl", hash = "sha256:2c198921afc811bc0f105c6e5150fbdebf9520c9b7d43cfc0ab156ca97f506d7"},
    {file = "regex-2022.8.17-cp39-cp39-macosx_10_9_x86_64.whl", hash = "sha256:7658d2dfc1dabfb008ffe12ae47b98559e2aedd8237bee12f5aafb74d90479e3"},
    {file = "regex-2022.8.17-cp39-cp39-macosx_11_0_arm64.whl", hash = "sha256:242f546fc5e49bb7395624ac3b4fc168bf454e11ace9804c58c4c3a90d84e38f"},
    {file = "regex-2022.8.17-cp39-cp39-manylinux_2_17_aarch64.manylinux2014_aarch64.whl", hash = "sha256:f7b88bc7306136b123fd1a9beed16ca02900ee31d1c36e73fa33d9e525a5562d"},
    {file = "regex-2022.8.17-cp39-cp39-manylinux_2_17_ppc64le.manylinux2014_ppc64le.whl", hash = "sha256:2240fce3af236e4586a045c1be8bbf16c4f8831e68b7df918b72fc31a80143be"},
    {file = "regex-2022.8.17-cp39-cp39-manylinux_2_17_s390x.manylinux2014_s390x.whl", hash = "sha256:e0b55651db770b4b5a6c7d015f24d1a6ede307296bbdf0c47fc5f6a6adc7abee"},
    {file = "regex-2022.8.17-cp39-cp39-manylinux_2_17_x86_64.manylinux2014_x86_64.whl", hash = "sha256:9668da78bcc219542467f51c2cd01894222be6aceec4b5efb806705900b794d8"},
    {file = "regex-2022.8.17-cp39-cp39-manylinux_2_5_i686.manylinux1_i686.manylinux_2_17_i686.manylinux2014_i686.whl", hash = "sha256:5e7c8f9f8824143c219dd93cdc733c20d2c12f154034c89bcb4911db8e45bd92"},
    {file = "regex-2022.8.17-cp39-cp39-manylinux_2_5_x86_64.manylinux1_x86_64.manylinux_2_12_x86_64.manylinux2010_x86_64.whl", hash = "sha256:c2b6404631b22617b5127c6de2355393ccda693ca733a098b6802e7dabb3457a"},
    {file = "regex-2022.8.17-cp39-cp39-musllinux_1_1_aarch64.whl", hash = "sha256:45cb798095b886e4df6ff4a1f7661eb70620ccdef127e3c3e00a1aaa22d30e53"},
    {file = "regex-2022.8.17-cp39-cp39-musllinux_1_1_i686.whl", hash = "sha256:777ceea2860a48e9e362a4e2a9a691782ea97bd05c24627c92e876fdd2c22e61"},
    {file = "regex-2022.8.17-cp39-cp39-musllinux_1_1_ppc64le.whl", hash = "sha256:99a7c5786de9e92ff5ffee2e8bed745f5d25495206f3f14656c379031e518334"},
    {file = "regex-2022.8.17-cp39-cp39-musllinux_1_1_s390x.whl", hash = "sha256:d76e585368388d99ddd2f95989e6ac80a8fe23115e93931faad99fa34550612f"},
    {file = "regex-2022.8.17-cp39-cp39-musllinux_1_1_x86_64.whl", hash = "sha256:a25d251546acb5edb1635631c4ae0e330fa4ec7c6316c01d256728fbfb9bbff2"},
    {file = "regex-2022.8.17-cp39-cp39-win32.whl", hash = "sha256:fac611bde2609a46fcbd92da7171286faa2f5c191f84d22f61cd7dc27213f51d"},
    {file = "regex-2022.8.17-cp39-cp39-win_amd64.whl", hash = "sha256:ccb986e80674c929f198464bce55e995178dea26833421e2479ff04a6956afac"},
    {file = "regex-2022.8.17.tar.gz", hash = "sha256:5c77eab46f3a2b2cd8bbe06467df783543bf7396df431eb4a144cc4b89e9fb3c"},
]
rich = [
    {file = "rich-12.5.1-py3-none-any.whl", hash = "sha256:2eb4e6894cde1e017976d2975ac210ef515d7548bc595ba20e195fb9628acdeb"},
    {file = "rich-12.5.1.tar.gz", hash = "sha256:63a5c5ce3673d3d5fbbf23cd87e11ab84b6b451436f1b7f19ec54b6bc36ed7ca"},
]
six = [
    {file = "six-1.16.0-py2.py3-none-any.whl", hash = "sha256:8abb2f1d86890a2dfb989f9a77cfcfd3e47c2a354b01111771326f8aa26e0254"},
    {file = "six-1.16.0.tar.gz", hash = "sha256:1e61c37477a1626458e36f7b1d82aa5c9b094fa4802892072e49de9c60c4c926"},
]
tomli = [
    {file = "tomli-2.0.0-py3-none-any.whl", hash = "sha256:b5bde28da1fed24b9bd1d4d2b8cba62300bfb4ec9a6187a957e8ddb9434c5224"},
    {file = "tomli-2.0.0.tar.gz", hash = "sha256:c292c34f58502a1eb2bbb9f5bbc9a5ebc37bee10ffb8c2d6bbdfa8eb13cc14e1"},
]
tqdm = [
    {file = "tqdm-4.64.1-py2.py3-none-any.whl", hash = "sha256:6fee160d6ffcd1b1c68c65f14c829c22832bc401726335ce92c52d395944a6a1"},
    {file = "tqdm-4.64.1.tar.gz", hash = "sha256:5f4f682a004951c1b450bc753c710e9280c5746ce6ffedee253ddbcbf54cf1e4"},
]
typing-extensions = [
    {file = "typing_extensions-4.1.1-py3-none-any.whl", hash = "sha256:21c85e0fe4b9a155d0799430b0ad741cdce7e359660ccbd8b530613e8df88ce2"},
    {file = "typing_extensions-4.1.1.tar.gz", hash = "sha256:1a9462dcc3347a79b1f1c0271fbe79e844580bb598bafa1ed208b94da3cdcd42"},
]
